
Microsoft Visual Studio Solution File, Format Version 12.00
# Visual Studio Version 17
VisualStudioVersion = 17.8.34525.116
MinimumVisualStudioVersion = 10.0.40219.1
Project("{FAE04EC0-301F-11D3-BF4B-00C04F79EFBC}") = "Example2", "Example2\Example2.csproj", "{F26C32D3-2B18-4160-A6E4-948465B2136E}"
EndProject
Global
	GlobalSection(SolutionConfigurationPlatforms) = preSolution
		Debug|Any CPU = Debug|Any CPU
		Release|Any CPU = Release|Any CPU
	EndGlobalSection
	GlobalSection(ProjectConfigurationPlatforms) = postSolution
		{F26C32D3-2B18-4160-A6E4-948465B2136E}.Debug|Any CPU.ActiveCfg = Debug|Any CPU
		{F26C32D3-2B18-4160-A6E4-948465B2136E}.Debug|Any CPU.Build.0 = Debug|Any CPU
		{F26C32D3-2B18-4160-A6E4-948465B2136E}.Release|Any CPU.ActiveCfg = Release|Any CPU
		{F26C32D3-2B18-4160-A6E4-948465B2136E}.Release|Any CPU.Build.0 = Release|Any CPU
	EndGlobalSection
	GlobalSection(SolutionProperties) = preSolution
		HideSolutionNode = FALSE
	EndGlobalSection
	GlobalSection(ExtensibilityGlobals) = postSolution
		SolutionGuid = {8C761369-7906-43AF-A3DB-42E01021BCD7}
	EndGlobalSection
EndGlobal
